
Microsoft Visual Studio Solution File, Format Version 12.00
# Visual Studio Version 17
VisualStudioVersion = 17.3.32922.545
MinimumVisualStudioVersion = 10.0.40219.1
Project("{FAE04EC0-301F-11D3-BF4B-00C04F79EFBC}") = "WebApplication2", "WebApplication2\WebApplication2.csproj", "{458DA836-F7C4-4DB1-BECE-9A6AC4361B60}"
EndProject
Global
	GlobalSection(SolutionConfigurationPlatforms) = preSolution
		Debug|Any CPU = Debug|Any CPU
		Release|Any CPU = Release|Any CPU
	EndGlobalSection
	GlobalSection(ProjectConfigurationPlatforms) = postSolution
		{458DA836-F7C4-4DB1-BECE-9A6AC4361B60}.Debug|Any CPU.ActiveCfg = Debug|Any CPU
		{458DA836-F7C4-4DB1-BECE-9A6AC4361B60}.Debug|Any CPU.Build.0 = Debug|Any CPU
		{458DA836-F7C4-4DB1-BECE-9A6AC4361B60}.Release|Any CPU.ActiveCfg = Release|Any CPU
		{458DA836-F7C4-4DB1-BECE-9A6AC4361B60}.Release|Any CPU.Build.0 = Release|Any CPU
	EndGlobalSection
	GlobalSection(SolutionProperties) = preSolution
		HideSolutionNode = FALSE
	EndGlobalSection
	GlobalSection(ExtensibilityGlobals) = postSolution
		SolutionGuid = {6FFB3D1D-B57E-4438-AE67-50BA5FA2405A}
	EndGlobalSection
EndGlobal
